
Microsoft Visual Studio Solution File, Format Version 12.00
# Visual Studio 15
VisualStudioVersion = 15.0.28307.705
MinimumVisualStudioVersion = 10.0.40219.1
Project("{FAE04EC0-301F-11D3-BF4B-00C04F79EFBC}") = "Client", "Client\Client.csproj", "{8B7D5AB7-3576-4E7D-A0DF-1D2CE7449815}"
EndProject
Project("{FAE04EC0-301F-11D3-BF4B-00C04F79EFBC}") = "Server", "Server\Server.csproj", "{36EE7EAA-36BC-423E-AEFD-472AAA5B32B5}"
EndProject
Global
	GlobalSection(SolutionConfigurationPlatforms) = preSolution
		Debug|Any CPU = Debug|Any CPU
		Release|Any CPU = Release|Any CPU
	EndGlobalSection
	GlobalSection(ProjectConfigurationPlatforms) = postSolution
		{8B7D5AB7-3576-4E7D-A0DF-1D2CE7449815}.Debug|Any CPU.ActiveCfg = Debug|Any CPU
		{8B7D5AB7-3576-4E7D-A0DF-1D2CE7449815}.Debug|Any CPU.Build.0 = Debug|Any CPU
		{8B7D5AB7-3576-4E7D-A0DF-1D2CE7449815}.Release|Any CPU.ActiveCfg = Release|Any CPU
		{8B7D5AB7-3576-4E7D-A0DF-1D2CE7449815}.Release|Any CPU.Build.0 = Release|Any CPU
		{36EE7EAA-36BC-423E-AEFD-472AAA5B32B5}.Debug|Any CPU.ActiveCfg = Debug|Any CPU
		{36EE7EAA-36BC-423E-AEFD-472AAA5B32B5}.Debug|Any CPU.Build.0 = Debug|Any CPU
		{36EE7EAA-36BC-423E-AEFD-472AAA5B32B5}.Release|Any CPU.ActiveCfg = Release|Any CPU
		{36EE7EAA-36BC-423E-AEFD-472AAA5B32B5}.Release|Any CPU.Build.0 = Release|Any CPU
	EndGlobalSection
	GlobalSection(SolutionProperties) = preSolution
		HideSolutionNode = FALSE
	EndGlobalSection
	GlobalSection(ExtensibilityGlobals) = postSolution
		SolutionGuid = {A558FE93-A528-4DAF-94D5-40173C7B0D01}
	EndGlobalSection
EndGlobal
